
Microsoft Visual Studio Solution File, Format Version 12.00
# Visual Studio Version 17
VisualStudioVersion = 17.8.34511.84
MinimumVisualStudioVersion = 10.0.40219.1
Project("{FAE04EC0-301F-11D3-BF4B-00C04F79EFBC}") = "ConsoleApp1", "ConsoleApp1\ConsoleApp1.csproj", "{09325CC5-3E08-4E8C-BA0E-ABAA79DBDA11}"
EndProject
Global
	GlobalSection(SolutionConfigurationPlatforms) = preSolution
		Debug|Any CPU = Debug|Any CPU
		Release|Any CPU = Release|Any CPU
	EndGlobalSection
	GlobalSection(ProjectConfigurationPlatforms) = postSolution
		{09325CC5-3E08-4E8C-BA0E-ABAA79DBDA11}.Debug|Any CPU.ActiveCfg = Debug|Any CPU
		{09325CC5-3E08-4E8C-BA0E-ABAA79DBDA11}.Debug|Any CPU.Build.0 = Debug|Any CPU
		{09325CC5-3E08-4E8C-BA0E-ABAA79DBDA11}.Release|Any CPU.ActiveCfg = Release|Any CPU
		{09325CC5-3E08-4E8C-BA0E-ABAA79DBDA11}.Release|Any CPU.Build.0 = Release|Any CPU
	EndGlobalSection
	GlobalSection(SolutionProperties) = preSolution
		HideSolutionNode = FALSE
	EndGlobalSection
	GlobalSection(ExtensibilityGlobals) = postSolution
		SolutionGuid = {9B07B7D4-5A73-4FA7-886A-68362F8A19BB}
	EndGlobalSection
EndGlobal
